// !$*UTF8*$!
{
	archiveVersion = 1;
	classes = {
	};
	objectVersion = 56;
	objects = {

/* Begin PBXBuildFile section */
		496B421EA1D0367A505FBC2A /* libPods-WillChenFriendsDemoTests.a in Frameworks */ = {isa = PBXBuildFile; fileRef = AD552396F704A3A7511B48CE /* libPods-WillChenFriendsDemoTests.a */; };
		A725A3732B56850700FB524E /* AppDelegate.swift in Sources */ = {isa = PBXBuildFile; fileRef = A725A3722B56850700FB524E /* AppDelegate.swift */; };
		A725A3752B56850700FB524E /* SceneDelegate.swift in Sources */ = {isa = PBXBuildFile; fileRef = A725A3742B56850700FB524E /* SceneDelegate.swift */; };
		A725A37C2B56850800FB524E /* Assets.xcassets in Resources */ = {isa = PBXBuildFile; fileRef = A725A37B2B56850800FB524E /* Assets.xcassets */; };
		A725A37F2B56850800FB524E /* LaunchScreen.storyboard in Resources */ = {isa = PBXBuildFile; fileRef = A725A37D2B56850800FB524E /* LaunchScreen.storyboard */; };
		A725A3872B56852900FB524E /* Service.swift in Sources */ = {isa = PBXBuildFile; fileRef = A725A3862B56852900FB524E /* Service.swift */; };
		A725A3892B5687E200FB524E /* User.swift in Sources */ = {isa = PBXBuildFile; fileRef = A725A3882B5687E200FB524E /* User.swift */; };
		A725A38D2B56881E00FB524E /* Friend.swift in Sources */ = {isa = PBXBuildFile; fileRef = A725A38C2B56881E00FB524E /* Friend.swift */; };
		A725A3902B576D1A00FB524E /* UserViewModel.swift in Sources */ = {isa = PBXBuildFile; fileRef = A725A38F2B576D1A00FB524E /* UserViewModel.swift */; };
		A725A3942B57ADAE00FB524E /* FriendViewController.swift in Sources */ = {isa = PBXBuildFile; fileRef = A725A3922B57ADAE00FB524E /* FriendViewController.swift */; };
		A725A3952B57ADAE00FB524E /* FriendViewController.xib in Resources */ = {isa = PBXBuildFile; fileRef = A725A3932B57ADAE00FB524E /* FriendViewController.xib */; };
		A725A3982B57AE3700FB524E /* UserView.swift in Sources */ = {isa = PBXBuildFile; fileRef = A725A3972B57AE3700FB524E /* UserView.swift */; };
		A75218172B5F57E10082CB2D /* MenuViewController.xib in Resources */ = {isa = PBXBuildFile; fileRef = A75218152B5F57E10082CB2D /* MenuViewController.xib */; };
		A75218182B5F57E10082CB2D /* MenuViewController.swift in Sources */ = {isa = PBXBuildFile; fileRef = A75218162B5F57E10082CB2D /* MenuViewController.swift */; };
		A75218202B639F7F0082CB2D /* WillChenFriendsDemoTests.swift in Sources */ = {isa = PBXBuildFile; fileRef = A752181F2B639F7F0082CB2D /* WillChenFriendsDemoTests.swift */; };
		A76054502B5F579F00B66167 /* FriendTableViewCell.swift in Sources */ = {isa = PBXBuildFile; fileRef = A760544E2B5F579F00B66167 /* FriendTableViewCell.swift */; };
		A76054512B5F579F00B66167 /* FriendTableViewCell.xib in Resources */ = {isa = PBXBuildFile; fileRef = A760544F2B5F579F00B66167 /* FriendTableViewCell.xib */; };
		A76165EE2B57C8A80081CB48 /* KokoTabBarController.swift in Sources */ = {isa = PBXBuildFile; fileRef = A76165ED2B57C8A80081CB48 /* KokoTabBarController.swift */; };
		A76165F02B58CCD50081CB48 /* FriendViewModel.swift in Sources */ = {isa = PBXBuildFile; fileRef = A76165EF2B58CCD50081CB48 /* FriendViewModel.swift */; };
		A7A019AB2B5A651A008A6A9B /* UserView.xib in Resources */ = {isa = PBXBuildFile; fileRef = A7A019AA2B5A651A008A6A9B /* UserView.xib */; };
		A7A019AE2B5A6546008A6A9B /* EmptyView.swift in Sources */ = {isa = PBXBuildFile; fileRef = A7A019AD2B5A6546008A6A9B /* EmptyView.swift */; };
		A7A019B02B5A654C008A6A9B /* EmptyView.xib in Resources */ = {isa = PBXBuildFile; fileRef = A7A019AF2B5A654C008A6A9B /* EmptyView.xib */; };
		A7E28BC02B5E580200186D0F /* FriendInvitedView.swift in Sources */ = {isa = PBXBuildFile; fileRef = A7E28BBF2B5E580200186D0F /* FriendInvitedView.swift */; };
		A7E28BC22B5E580900186D0F /* FriendInvitedView.xib in Resources */ = {isa = PBXBuildFile; fileRef = A7E28BC12B5E580900186D0F /* FriendInvitedView.xib */; };
		D8E9DF626A47D2490327ACB1 /* Pods_WillChenFriendsDemo.framework in Frameworks */ = {isa = PBXBuildFile; fileRef = 21E9B3E9535776EBAF5455AB /* Pods_WillChenFriendsDemo.framework */; };
/* End PBXBuildFile section */

/* Begin PBXContainerItemProxy section */
		A75218212B639F7F0082CB2D /* PBXContainerItemProxy */ = {
			isa = PBXContainerItemProxy;
			containerPortal = A725A3672B56850700FB524E /* Project object */;
			proxyType = 1;
			remoteGlobalIDString = A725A36E2B56850700FB524E;
			remoteInfo = WillChenFriendsDemo;
		};
/* End PBXContainerItemProxy section */

/* Begin PBXFileReference section */
		04FEE6151FA69C8AB3E24686 /* Pods-WillChenFriendsDemoTests.release.xcconfig */ = {isa = PBXFileReference; includeInIndex = 1; lastKnownFileType = text.xcconfig; name = "Pods-WillChenFriendsDemoTests.release.xcconfig"; path = "Target Support Files/Pods-WillChenFriendsDemoTests/Pods-WillChenFriendsDemoTests.release.xcconfig"; sourceTree = "<group>"; };
		21E9B3E9535776EBAF5455AB /* Pods_WillChenFriendsDemo.framework */ = {isa = PBXFileReference; explicitFileType = wrapper.framework; includeInIndex = 0; path = Pods_WillChenFriendsDemo.framework; sourceTree = BUILT_PRODUCTS_DIR; };
		8AFCA1B47C13665A7DA10F77 /* Pods-WillChenFriendsDemo.release.xcconfig */ = {isa = PBXFileReference; includeInIndex = 1; lastKnownFileType = text.xcconfig; name = "Pods-WillChenFriendsDemo.release.xcconfig"; path = "Target Support Files/Pods-WillChenFriendsDemo/Pods-WillChenFriendsDemo.release.xcconfig"; sourceTree = "<group>"; };
		A725A36F2B56850700FB524E /* WillChenFriendsDemo.app */ = {isa = PBXFileReference; explicitFileType = wrapper.application; includeInIndex = 0; path = WillChenFriendsDemo.app; sourceTree = BUILT_PRODUCTS_DIR; };
		A725A3722B56850700FB524E /* AppDelegate.swift */ = {isa = PBXFileReference; lastKnownFileType = sourcecode.swift; path = AppDelegate.swift; sourceTree = "<group>"; };
		A725A3742B56850700FB524E /* SceneDelegate.swift */ = {isa = PBXFileReference; lastKnownFileType = sourcecode.swift; path = SceneDelegate.swift; sourceTree = "<group>"; };
		A725A37B2B56850800FB524E /* Assets.xcassets */ = {isa = PBXFileReference; lastKnownFileType = folder.assetcatalog; path = Assets.xcassets; sourceTree = "<group>"; };
		A725A37E2B56850800FB524E /* Base */ = {isa = PBXFileReference; lastKnownFileType = file.storyboard; name = Base; path = Base.lproj/LaunchScreen.storyboard; sourceTree = "<group>"; };
		A725A3802B56850800FB524E /* Info.plist */ = {isa = PBXFileReference; lastKnownFileType = text.plist.xml; path = Info.plist; sourceTree = "<group>"; };
		A725A3862B56852900FB524E /* Service.swift */ = {isa = PBXFileReference; lastKnownFileType = sourcecode.swift; path = Service.swift; sourceTree = "<group>"; };
		A725A3882B5687E200FB524E /* User.swift */ = {isa = PBXFileReference; lastKnownFileType = sourcecode.swift; path = User.swift; sourceTree = "<group>"; };
		A725A38C2B56881E00FB524E /* Friend.swift */ = {isa = PBXFileReference; lastKnownFileType = sourcecode.swift; path = Friend.swift; sourceTree = "<group>"; };
		A725A38F2B576D1A00FB524E /* UserViewModel.swift */ = {isa = PBXFileReference; lastKnownFileType = sourcecode.swift; path = UserViewModel.swift; sourceTree = "<group>"; };
		A725A3922B57ADAE00FB524E /* FriendViewController.swift */ = {isa = PBXFileReference; lastKnownFileType = sourcecode.swift; path = FriendViewController.swift; sourceTree = "<group>"; };
		A725A3932B57ADAE00FB524E /* FriendViewController.xib */ = {isa = PBXFileReference; lastKnownFileType = file.xib; path = FriendViewController.xib; sourceTree = "<group>"; };
		A725A3972B57AE3700FB524E /* UserView.swift */ = {isa = PBXFileReference; lastKnownFileType = sourcecode.swift; path = UserView.swift; sourceTree = "<group>"; };
		A75218152B5F57E10082CB2D /* MenuViewController.xib */ = {isa = PBXFileReference; fileEncoding = 4; lastKnownFileType = file.xib; path = MenuViewController.xib; sourceTree = "<group>"; };
		A75218162B5F57E10082CB2D /* MenuViewController.swift */ = {isa = PBXFileReference; fileEncoding = 4; lastKnownFileType = sourcecode.swift; path = MenuViewController.swift; sourceTree = "<group>"; };
		A752181D2B639F7F0082CB2D /* WillChenFriendsDemoTests.xctest */ = {isa = PBXFileReference; explicitFileType = wrapper.cfbundle; includeInIndex = 0; path = WillChenFriendsDemoTests.xctest; sourceTree = BUILT_PRODUCTS_DIR; };
		A752181F2B639F7F0082CB2D /* WillChenFriendsDemoTests.swift */ = {isa = PBXFileReference; lastKnownFileType = sourcecode.swift; path = WillChenFriendsDemoTests.swift; sourceTree = "<group>"; };
		A760544E2B5F579F00B66167 /* FriendTableViewCell.swift */ = {isa = PBXFileReference; fileEncoding = 4; lastKnownFileType = sourcecode.swift; path = FriendTableViewCell.swift; sourceTree = "<group>"; };
		A760544F2B5F579F00B66167 /* FriendTableViewCell.xib */ = {isa = PBXFileReference; fileEncoding = 4; lastKnownFileType = file.xib; path = FriendTableViewCell.xib; sourceTree = "<group>"; };
		A76165ED2B57C8A80081CB48 /* KokoTabBarController.swift */ = {isa = PBXFileReference; lastKnownFileType = sourcecode.swift; path = KokoTabBarController.swift; sourceTree = "<group>"; };
		A76165EF2B58CCD50081CB48 /* FriendViewModel.swift */ = {isa = PBXFileReference; lastKnownFileType = sourcecode.swift; path = FriendViewModel.swift; sourceTree = "<group>"; };
		A7A019AA2B5A651A008A6A9B /* UserView.xib */ = {isa = PBXFileReference; fileEncoding = 4; lastKnownFileType = file.xib; path = UserView.xib; sourceTree = "<group>"; };
		A7A019AD2B5A6546008A6A9B /* EmptyView.swift */ = {isa = PBXFileReference; lastKnownFileType = sourcecode.swift; path = EmptyView.swift; sourceTree = "<group>"; };
		A7A019AF2B5A654C008A6A9B /* EmptyView.xib */ = {isa = PBXFileReference; lastKnownFileType = file.xib; path = EmptyView.xib; sourceTree = "<group>"; };
		A7E28BBF2B5E580200186D0F /* FriendInvitedView.swift */ = {isa = PBXFileReference; lastKnownFileType = sourcecode.swift; path = FriendInvitedView.swift; sourceTree = "<group>"; };
		A7E28BC12B5E580900186D0F /* FriendInvitedView.xib */ = {isa = PBXFileReference; lastKnownFileType = file.xib; path = FriendInvitedView.xib; sourceTree = "<group>"; };
		AD552396F704A3A7511B48CE /* libPods-WillChenFriendsDemoTests.a */ = {isa = PBXFileReference; explicitFileType = archive.ar; includeInIndex = 0; path = "libPods-WillChenFriendsDemoTests.a"; sourceTree = BUILT_PRODUCTS_DIR; };
		F19358E4E64E950D1536625E /* Pods-WillChenFriendsDemoTests.debug.xcconfig */ = {isa = PBXFileReference; includeInIndex = 1; lastKnownFileType = text.xcconfig; name = "Pods-WillChenFriendsDemoTests.debug.xcconfig"; path = "Target Support Files/Pods-WillChenFriendsDemoTests/Pods-WillChenFriendsDemoTests.debug.xcconfig"; sourceTree = "<group>"; };
		FBF707B5A9937E88FE962CC7 /* Pods-WillChenFriendsDemo.debug.xcconfig */ = {isa = PBXFileReference; includeInIndex = 1; lastKnownFileType = text.xcconfig; name = "Pods-WillChenFriendsDemo.debug.xcconfig"; path = "Target Support Files/Pods-WillChenFriendsDemo/Pods-WillChenFriendsDemo.debug.xcconfig"; sourceTree = "<group>"; };
/* End PBXFileReference section */

/* Begin PBXFrameworksBuildPhase section */
		A725A36C2B56850700FB524E /* Frameworks */ = {
			isa = PBXFrameworksBuildPhase;
			buildActionMask = 2147483647;
			files = (
				D8E9DF626A47D2490327ACB1 /* Pods_WillChenFriendsDemo.framework in Frameworks */,
			);
			runOnlyForDeploymentPostprocessing = 0;
		};
		A752181A2B639F7F0082CB2D /* Frameworks */ = {
			isa = PBXFrameworksBuildPhase;
			buildActionMask = 2147483647;
			files = (
				496B421EA1D0367A505FBC2A /* libPods-WillChenFriendsDemoTests.a in Frameworks */,
			);
			runOnlyForDeploymentPostprocessing = 0;
		};
/* End PBXFrameworksBuildPhase section */

/* Begin PBXGroup section */
		A725A3662B56850700FB524E = {
			isa = PBXGroup;
			children = (
				A725A3712B56850700FB524E /* WillChenFriendsDemo */,
				A752181E2B639F7F0082CB2D /* WillChenFriendsDemoTests */,
				A725A3702B56850700FB524E /* Products */,
				CE88ADD3BBB02F43D6CE0902 /* Pods */,
				D363AEEB327700DE00FD4DD8 /* Frameworks */,
			);
			sourceTree = "<group>";
		};
		A725A3702B56850700FB524E /* Products */ = {
			isa = PBXGroup;
			children = (
				A725A36F2B56850700FB524E /* WillChenFriendsDemo.app */,
				A752181D2B639F7F0082CB2D /* WillChenFriendsDemoTests.xctest */,
			);
			name = Products;
			sourceTree = "<group>";
		};
		A725A3712B56850700FB524E /* WillChenFriendsDemo */ = {
			isa = PBXGroup;
			children = (
				A725A3962B57AE2000FB524E /* View */,
				A725A3912B57AD8E00FB524E /* ViewController */,
				A725A38E2B576D0700FB524E /* ViewModel */,
				A725A38B2B56880600FB524E /* Service */,
				A725A38A2B5687FB00FB524E /* Model */,
				A725A3722B56850700FB524E /* AppDelegate.swift */,
				A725A3742B56850700FB524E /* SceneDelegate.swift */,
				A725A37B2B56850800FB524E /* Assets.xcassets */,
				A725A37D2B56850800FB524E /* LaunchScreen.storyboard */,
				A725A3802B56850800FB524E /* Info.plist */,
			);
			path = WillChenFriendsDemo;
			sourceTree = "<group>";
		};
		A725A38A2B5687FB00FB524E /* Model */ = {
			isa = PBXGroup;
			children = (
				A725A38C2B56881E00FB524E /* Friend.swift */,
				A725A3882B5687E200FB524E /* User.swift */,
			);
			path = Model;
			sourceTree = "<group>";
		};
		A725A38B2B56880600FB524E /* Service */ = {
			isa = PBXGroup;
			children = (
				A725A3862B56852900FB524E /* Service.swift */,
			);
			path = Service;
			sourceTree = "<group>";
		};
		A725A38E2B576D0700FB524E /* ViewModel */ = {
			isa = PBXGroup;
			children = (
				A725A38F2B576D1A00FB524E /* UserViewModel.swift */,
				A76165EF2B58CCD50081CB48 /* FriendViewModel.swift */,
			);
			path = ViewModel;
			sourceTree = "<group>";
		};
		A725A3912B57AD8E00FB524E /* ViewController */ = {
			isa = PBXGroup;
			children = (
				A75218142B5F57E10082CB2D /* MenuViewController */,
				A76165EA2B57C8290081CB48 /* FriendViewController */,
				A76165ED2B57C8A80081CB48 /* KokoTabBarController.swift */,
			);
			path = ViewController;
			sourceTree = "<group>";
		};
		A725A3962B57AE2000FB524E /* View */ = {
			isa = PBXGroup;
			children = (
				A760544D2B5F579F00B66167 /* FriendTableViewCell */,
				A7E28BBE2B5E57EA00186D0F /* FriendInvitedView */,
				A7A019AC2B5A6524008A6A9B /* EmptyView */,
				A76165F82B5A64E90081CB48 /* UserView */,
			);
			path = View;
			sourceTree = "<group>";
		};
		A75218142B5F57E10082CB2D /* MenuViewController */ = {
			isa = PBXGroup;
			children = (
				A75218162B5F57E10082CB2D /* MenuViewController.swift */,
				A75218152B5F57E10082CB2D /* MenuViewController.xib */,
			);
			path = MenuViewController;
			sourceTree = "<group>";
		};
		A752181E2B639F7F0082CB2D /* WillChenFriendsDemoTests */ = {
			isa = PBXGroup;
			children = (
				A752181F2B639F7F0082CB2D /* WillChenFriendsDemoTests.swift */,
			);
			path = WillChenFriendsDemoTests;
			sourceTree = "<group>";
		};
		A760544D2B5F579F00B66167 /* FriendTableViewCell */ = {
			isa = PBXGroup;
			children = (
				A760544E2B5F579F00B66167 /* FriendTableViewCell.swift */,
				A760544F2B5F579F00B66167 /* FriendTableViewCell.xib */,
			);
			path = FriendTableViewCell;
			sourceTree = "<group>";
		};
		A76165EA2B57C8290081CB48 /* FriendViewController */ = {
			isa = PBXGroup;
			children = (
				A725A3922B57ADAE00FB524E /* FriendViewController.swift */,
				A725A3932B57ADAE00FB524E /* FriendViewController.xib */,
			);
			path = FriendViewController;
			sourceTree = "<group>";
		};
		A76165F82B5A64E90081CB48 /* UserView */ = {
			isa = PBXGroup;
			children = (
				A725A3972B57AE3700FB524E /* UserView.swift */,
				A7A019AA2B5A651A008A6A9B /* UserView.xib */,
			);
			path = UserView;
			sourceTree = "<group>";
		};
		A7A019AC2B5A6524008A6A9B /* EmptyView */ = {
			isa = PBXGroup;
			children = (
				A7A019AD2B5A6546008A6A9B /* EmptyView.swift */,
				A7A019AF2B5A654C008A6A9B /* EmptyView.xib */,
			);
			path = EmptyView;
			sourceTree = "<group>";
		};
		A7E28BBE2B5E57EA00186D0F /* FriendInvitedView */ = {
			isa = PBXGroup;
			children = (
				A7E28BBF2B5E580200186D0F /* FriendInvitedView.swift */,
				A7E28BC12B5E580900186D0F /* FriendInvitedView.xib */,
			);
			path = FriendInvitedView;
			sourceTree = "<group>";
		};
		CE88ADD3BBB02F43D6CE0902 /* Pods */ = {
			isa = PBXGroup;
			children = (
				FBF707B5A9937E88FE962CC7 /* Pods-WillChenFriendsDemo.debug.xcconfig */,
				8AFCA1B47C13665A7DA10F77 /* Pods-WillChenFriendsDemo.release.xcconfig */,
				F19358E4E64E950D1536625E /* Pods-WillChenFriendsDemoTests.debug.xcconfig */,
				04FEE6151FA69C8AB3E24686 /* Pods-WillChenFriendsDemoTests.release.xcconfig */,
			);
			path = Pods;
			sourceTree = "<group>";
		};
		D363AEEB327700DE00FD4DD8 /* Frameworks */ = {
			isa = PBXGroup;
			children = (
				21E9B3E9535776EBAF5455AB /* Pods_WillChenFriendsDemo.framework */,
				AD552396F704A3A7511B48CE /* libPods-WillChenFriendsDemoTests.a */,
			);
			name = Frameworks;
			sourceTree = "<group>";
		};
/* End PBXGroup section */

/* Begin PBXNativeTarget section */
		A725A36E2B56850700FB524E /* WillChenFriendsDemo */ = {
			isa = PBXNativeTarget;
			buildConfigurationList = A725A3832B56850800FB524E /* Build configuration list for PBXNativeTarget "WillChenFriendsDemo" */;
			buildPhases = (
				85A3E0E7790AA1AC1558362D /* [CP] Check Pods Manifest.lock */,
				A725A36B2B56850700FB524E /* Sources */,
				A725A36C2B56850700FB524E /* Frameworks */,
				A725A36D2B56850700FB524E /* Resources */,
				4741C255AF7464D999CDF9A5 /* [CP] Embed Pods Frameworks */,
			);
			buildRules = (
			);
			dependencies = (
			);
			name = WillChenFriendsDemo;
			productName = WillChenFriendsDemo;
			productReference = A725A36F2B56850700FB524E /* WillChenFriendsDemo.app */;
			productType = "com.apple.product-type.application";
		};
		A752181C2B639F7F0082CB2D /* WillChenFriendsDemoTests */ = {
			isa = PBXNativeTarget;
			buildConfigurationList = A75218252B639F7F0082CB2D /* Build configuration list for PBXNativeTarget "WillChenFriendsDemoTests" */;
			buildPhases = (
				CB6802F08A141C631C9A9CC2 /* [CP] Check Pods Manifest.lock */,
				A75218192B639F7F0082CB2D /* Sources */,
				A752181A2B639F7F0082CB2D /* Frameworks */,
				A752181B2B639F7F0082CB2D /* Resources */,
			);
			buildRules = (
			);
			dependencies = (
				A75218222B639F7F0082CB2D /* PBXTargetDependency */,
			);
			name = WillChenFriendsDemoTests;
			productName = WillChenFriendsDemoTests;
			productReference = A752181D2B639F7F0082CB2D /* WillChenFriendsDemoTests.xctest */;
			productType = "com.apple.product-type.bundle.unit-test";
		};
/* End PBXNativeTarget section */

/* Begin PBXProject section */
		A725A3672B56850700FB524E /* Project object */ = {
			isa = PBXProject;
			attributes = {
				BuildIndependentTargetsInParallel = 1;
				LastSwiftUpdateCheck = 1410;
				LastUpgradeCheck = 1410;
				TargetAttributes = {
					A725A36E2B56850700FB524E = {
						CreatedOnToolsVersion = 14.1;
					};
					A752181C2B639F7F0082CB2D = {
						CreatedOnToolsVersion = 14.1;
						TestTargetID = A725A36E2B56850700FB524E;
					};
				};
			};
			buildConfigurationList = A725A36A2B56850700FB524E /* Build configuration list for PBXProject "WillChenFriendsDemo" */;
			compatibilityVersion = "Xcode 14.0";
			developmentRegion = en;
			hasScannedForEncodings = 0;
			knownRegions = (
				en,
				Base,
			);
			mainGroup = A725A3662B56850700FB524E;
			productRefGroup = A725A3702B56850700FB524E /* Products */;
			projectDirPath = "";
			projectRoot = "";
			targets = (
				A725A36E2B56850700FB524E /* WillChenFriendsDemo */,
				A752181C2B639F7F0082CB2D /* WillChenFriendsDemoTests */,
			);
		};
/* End PBXProject section */

/* Begin PBXResourcesBuildPhase section */
		A725A36D2B56850700FB524E /* Resources */ = {
			isa = PBXResourcesBuildPhase;
			buildActionMask = 2147483647;
			files = (
				A725A3952B57ADAE00FB524E /* FriendViewController.xib in Resources */,
				A725A37F2B56850800FB524E /* LaunchScreen.storyboard in Resources */,
				A7A019B02B5A654C008A6A9B /* EmptyView.xib in Resources */,
				A75218172B5F57E10082CB2D /* MenuViewController.xib in Resources */,
				A76054512B5F579F00B66167 /* FriendTableViewCell.xib in Resources */,
				A7E28BC22B5E580900186D0F /* FriendInvitedView.xib in Resources */,
				A725A37C2B56850800FB524E /* Assets.xcassets in Resources */,
				A7A019AB2B5A651A008A6A9B /* UserView.xib in Resources */,
			);
			runOnlyForDeploymentPostprocessing = 0;
		};
		A752181B2B639F7F0082CB2D /* Resources */ = {
			isa = PBXResourcesBuildPhase;
			buildActionMask = 2147483647;
			files = (
			);
			runOnlyForDeploymentPostprocessing = 0;
		};
/* End PBXResourcesBuildPhase section */

/* Begin PBXShellScriptBuildPhase section */
		4741C255AF7464D999CDF9A5 /* [CP] Embed Pods Frameworks */ = {
			isa = PBXShellScriptBuildPhase;
			buildActionMask = 2147483647;
			files = (
			);
			inputFileListPaths = (
				"${PODS_ROOT}/Target Support Files/Pods-WillChenFriendsDemo/Pods-WillChenFriendsDemo-frameworks-${CONFIGURATION}-input-files.xcfilelist",
			);
			name = "[CP] Embed Pods Frameworks";
			outputFileListPaths = (
				"${PODS_ROOT}/Target Support Files/Pods-WillChenFriendsDemo/Pods-WillChenFriendsDemo-frameworks-${CONFIGURATION}-output-files.xcfilelist",
			);
			runOnlyForDeploymentPostprocessing = 0;
			shellPath = /bin/sh;
			shellScript = "\"${PODS_ROOT}/Target Support Files/Pods-WillChenFriendsDemo/Pods-WillChenFriendsDemo-frameworks.sh\"\n";
			showEnvVarsInLog = 0;
		};
		85A3E0E7790AA1AC1558362D /* [CP] Check Pods Manifest.lock */ = {
			isa = PBXShellScriptBuildPhase;
			buildActionMask = 2147483647;
			files = (
			);
			inputFileListPaths = (
			);
			inputPaths = (
				"${PODS_PODFILE_DIR_PATH}/Podfile.lock",
				"${PODS_ROOT}/Manifest.lock",
			);
			name = "[CP] Check Pods Manifest.lock";
			outputFileListPaths = (
			);
			outputPaths = (
				"$(DERIVED_FILE_DIR)/Pods-WillChenFriendsDemo-checkManifestLockResult.txt",
			);
			runOnlyForDeploymentPostprocessing = 0;
			shellPath = /bin/sh;
			shellScript = "diff \"${PODS_PODFILE_DIR_PATH}/Podfile.lock\" \"${PODS_ROOT}/Manifest.lock\" > /dev/null\nif [ $? != 0 ] ; then\n    # print error to STDERR\n    echo \"error: The sandbox is not in sync with the Podfile.lock. Run 'pod install' or update your CocoaPods installation.\" >&2\n    exit 1\nfi\n# This output is used by Xcode 'outputs' to avoid re-running this script phase.\necho \"SUCCESS\" > \"${SCRIPT_OUTPUT_FILE_0}\"\n";
			showEnvVarsInLog = 0;
		};
		CB6802F08A141C631C9A9CC2 /* [CP] Check Pods Manifest.lock */ = {
			isa = PBXShellScriptBuildPhase;
			buildActionMask = 2147483647;
			files = (
			);
			inputFileListPaths = (
			);
			inputPaths = (
				"${PODS_PODFILE_DIR_PATH}/Podfile.lock",
				"${PODS_ROOT}/Manifest.lock",
			);
			name = "[CP] Check Pods Manifest.lock";
			outputFileListPaths = (
			);
			outputPaths = (
				"$(DERIVED_FILE_DIR)/Pods-WillChenFriendsDemoTests-checkManifestLockResult.txt",
			);
			runOnlyForDeploymentPostprocessing = 0;
			shellPath = /bin/sh;
			shellScript = "diff \"${PODS_PODFILE_DIR_PATH}/Podfile.lock\" \"${PODS_ROOT}/Manifest.lock\" > /dev/null\nif [ $? != 0 ] ; then\n    # print error to STDERR\n    echo \"error: The sandbox is not in sync with the Podfile.lock. Run 'pod install' or update your CocoaPods installation.\" >&2\n    exit 1\nfi\n# This output is used by Xcode 'outputs' to avoid re-running this script phase.\necho \"SUCCESS\" > \"${SCRIPT_OUTPUT_FILE_0}\"\n";
			showEnvVarsInLog = 0;
		};
/* End PBXShellScriptBuildPhase section */

/* Begin PBXSourcesBuildPhase section */
		A725A36B2B56850700FB524E /* Sources */ = {
			isa = PBXSourcesBuildPhase;
			buildActionMask = 2147483647;
			files = (
				A7A019AE2B5A6546008A6A9B /* EmptyView.swift in Sources */,
				A725A3732B56850700FB524E /* AppDelegate.swift in Sources */,
				A725A3752B56850700FB524E /* SceneDelegate.swift in Sources */,
				A75218182B5F57E10082CB2D /* MenuViewController.swift in Sources */,
				A7E28BC02B5E580200186D0F /* FriendInvitedView.swift in Sources */,
				A725A38D2B56881E00FB524E /* Friend.swift in Sources */,
				A725A3942B57ADAE00FB524E /* FriendViewController.swift in Sources */,
				A725A3892B5687E200FB524E /* User.swift in Sources */,
				A725A3902B576D1A00FB524E /* UserViewModel.swift in Sources */,
				A76165EE2B57C8A80081CB48 /* KokoTabBarController.swift in Sources */,
				A725A3982B57AE3700FB524E /* UserView.swift in Sources */,
				A76165F02B58CCD50081CB48 /* FriendViewModel.swift in Sources */,
				A725A3872B56852900FB524E /* Service.swift in Sources */,
				A76054502B5F579F00B66167 /* FriendTableViewCell.swift in Sources */,
			);
			runOnlyForDeploymentPostprocessing = 0;
		};
		A75218192B639F7F0082CB2D /* Sources */ = {
			isa = PBXSourcesBuildPhase;
			buildActionMask = 2147483647;
			files = (
				A75218202B639F7F0082CB2D /* WillChenFriendsDemoTests.swift in Sources */,
			);
			runOnlyForDeploymentPostprocessing = 0;
		};
/* End PBXSourcesBuildPhase section */

/* Begin PBXTargetDependency section */
		A75218222B639F7F0082CB2D /* PBXTargetDependency */ = {
			isa = PBXTargetDependency;
			target = A725A36E2B56850700FB524E /* WillChenFriendsDemo */;
			targetProxy = A75218212B639F7F0082CB2D /* PBXContainerItemProxy */;
		};
/* End PBXTargetDependency section */

/* Begin PBXVariantGroup section */
		A725A37D2B56850800FB524E /* LaunchScreen.storyboard */ = {
			isa = PBXVariantGroup;
			children = (
				A725A37E2B56850800FB524E /* Base */,
			);
			name = LaunchScreen.storyboard;
			sourceTree = "<group>";
		};
/* End PBXVariantGroup section */

/* Begin XCBuildConfiguration section */
		A725A3812B56850800FB524E /* Debug */ = {
			isa = XCBuildConfiguration;
			buildSettings = {
				ALWAYS_SEARCH_USER_PATHS = NO;
				CLANG_ANALYZER_NONNULL = YES;
				CLANG_ANALYZER_NUMBER_OBJECT_CONVERSION = YES_AGGRESSIVE;
				CLANG_CXX_LANGUAGE_STANDARD = "gnu++20";
				CLANG_ENABLE_MODULES = YES;
				CLANG_ENABLE_OBJC_ARC = YES;
				CLANG_ENABLE_OBJC_WEAK = YES;
				CLANG_WARN_BLOCK_CAPTURE_AUTORELEASING = YES;
				CLANG_WARN_BOOL_CONVERSION = YES;
				CLANG_WARN_COMMA = YES;
				CLANG_WARN_CONSTANT_CONVERSION = YES;
				CLANG_WARN_DEPRECATED_OBJC_IMPLEMENTATIONS = YES;
				CLANG_WARN_DIRECT_OBJC_ISA_USAGE = YES_ERROR;
				CLANG_WARN_DOCUMENTATION_COMMENTS = YES;
				CLANG_WARN_EMPTY_BODY = YES;
				CLANG_WARN_ENUM_CONVERSION = YES;
				CLANG_WARN_INFINITE_RECURSION = YES;
				CLANG_WARN_INT_CONVERSION = YES;
				CLANG_WARN_NON_LITERAL_NULL_CONVERSION = YES;
				CLANG_WARN_OBJC_IMPLICIT_RETAIN_SELF = YES;
				CLANG_WARN_OBJC_LITERAL_CONVERSION = YES;
				CLANG_WARN_OBJC_ROOT_CLASS = YES_ERROR;
				CLANG_WARN_QUOTED_INCLUDE_IN_FRAMEWORK_HEADER = YES;
				CLANG_WARN_RANGE_LOOP_ANALYSIS = YES;
				CLANG_WARN_STRICT_PROTOTYPES = YES;
				CLANG_WARN_SUSPICIOUS_MOVE = YES;
				CLANG_WARN_UNGUARDED_AVAILABILITY = YES_AGGRESSIVE;
				CLANG_WARN_UNREACHABLE_CODE = YES;
				CLANG_WARN__DUPLICATE_METHOD_MATCH = YES;
				COPY_PHASE_STRIP = NO;
				DEBUG_INFORMATION_FORMAT = dwarf;
				ENABLE_STRICT_OBJC_MSGSEND = YES;
				ENABLE_TESTABILITY = YES;
				GCC_C_LANGUAGE_STANDARD = gnu11;
				GCC_DYNAMIC_NO_PIC = NO;
				GCC_NO_COMMON_BLOCKS = YES;
				GCC_OPTIMIZATION_LEVEL = 0;
				GCC_PREPROCESSOR_DEFINITIONS = (
					"DEBUG=1",
					"$(inherited)",
				);
				GCC_WARN_64_TO_32_BIT_CONVERSION = YES;
				GCC_WARN_ABOUT_RETURN_TYPE = YES_ERROR;
				GCC_WARN_UNDECLARED_SELECTOR = YES;
				GCC_WARN_UNINITIALIZED_AUTOS = YES_AGGRESSIVE;
				GCC_WARN_UNUSED_FUNCTION = YES;
				GCC_WARN_UNUSED_VARIABLE = YES;
				IPHONEOS_DEPLOYMENT_TARGET = 16.1;
				MTL_ENABLE_DEBUG_INFO = INCLUDE_SOURCE;
				MTL_FAST_MATH = YES;
				ONLY_ACTIVE_ARCH = YES;
				SDKROOT = iphoneos;
				SWIFT_ACTIVE_COMPILATION_CONDITIONS = DEBUG;
				SWIFT_OPTIMIZATION_LEVEL = "-Onone";
			};
			name = Debug;
		};
		A725A3822B56850800FB524E /* Release */ = {
			isa = XCBuildConfiguration;
			buildSettings = {
				ALWAYS_SEARCH_USER_PATHS = NO;
				CLANG_ANALYZER_NONNULL = YES;
				CLANG_ANALYZER_NUMBER_OBJECT_CONVERSION = YES_AGGRESSIVE;
				CLANG_CXX_LANGUAGE_STANDARD = "gnu++20";
				CLANG_ENABLE_MODULES = YES;
				CLANG_ENABLE_OBJC_ARC = YES;
				CLANG_ENABLE_OBJC_WEAK = YES;
				CLANG_WARN_BLOCK_CAPTURE_AUTORELEASING = YES;
				CLANG_WARN_BOOL_CONVERSION = YES;
				CLANG_WARN_COMMA = YES;
				CLANG_WARN_CONSTANT_CONVERSION = YES;
				CLANG_WARN_DEPRECATED_OBJC_IMPLEMENTATIONS = YES;
				CLANG_WARN_DIRECT_OBJC_ISA_USAGE = YES_ERROR;
				CLANG_WARN_DOCUMENTATION_COMMENTS = YES;
				CLANG_WARN_EMPTY_BODY = YES;
				CLANG_WARN_ENUM_CONVERSION = YES;
				CLANG_WARN_INFINITE_RECURSION = YES;
				CLANG_WARN_INT_CONVERSION = YES;
				CLANG_WARN_NON_LITERAL_NULL_CONVERSION = YES;
				CLANG_WARN_OBJC_IMPLICIT_RETAIN_SELF = YES;
				CLANG_WARN_OBJC_LITERAL_CONVERSION = YES;
				CLANG_WARN_OBJC_ROOT_CLASS = YES_ERROR;
				CLANG_WARN_QUOTED_INCLUDE_IN_FRAMEWORK_HEADER = YES;
				CLANG_WARN_RANGE_LOOP_ANALYSIS = YES;
				CLANG_WARN_STRICT_PROTOTYPES = YES;
				CLANG_WARN_SUSPICIOUS_MOVE = YES;
				CLANG_WARN_UNGUARDED_AVAILABILITY = YES_AGGRESSIVE;
				CLANG_WARN_UNREACHABLE_CODE = YES;
				CLANG_WARN__DUPLICATE_METHOD_MATCH = YES;
				COPY_PHASE_STRIP = NO;
				DEBUG_INFORMATION_FORMAT = "dwarf-with-dsym";
				ENABLE_NS_ASSERTIONS = NO;
				ENABLE_STRICT_OBJC_MSGSEND = YES;
				GCC_C_LANGUAGE_STANDARD = gnu11;
				GCC_NO_COMMON_BLOCKS = YES;
				GCC_WARN_64_TO_32_BIT_CONVERSION = YES;
				GCC_WARN_ABOUT_RETURN_TYPE = YES_ERROR;
				GCC_WARN_UNDECLARED_SELECTOR = YES;
				GCC_WARN_UNINITIALIZED_AUTOS = YES_AGGRESSIVE;
				GCC_WARN_UNUSED_FUNCTION = YES;
				GCC_WARN_UNUSED_VARIABLE = YES;
				IPHONEOS_DEPLOYMENT_TARGET = 16.1;
				MTL_ENABLE_DEBUG_INFO = NO;
				MTL_FAST_MATH = YES;
				SDKROOT = iphoneos;
				SWIFT_COMPILATION_MODE = wholemodule;
				SWIFT_OPTIMIZATION_LEVEL = "-O";
				VALIDATE_PRODUCT = YES;
			};
			name = Release;
		};
		A725A3842B56850800FB524E /* Debug */ = {
			isa = XCBuildConfiguration;
			baseConfigurationReference = FBF707B5A9937E88FE962CC7 /* Pods-WillChenFriendsDemo.debug.xcconfig */;
			buildSettings = {
				ASSETCATALOG_COMPILER_APPICON_NAME = AppIcon;
				ASSETCATALOG_COMPILER_GLOBAL_ACCENT_COLOR_NAME = AccentColor;
				CODE_SIGN_STYLE = Automatic;
				CURRENT_PROJECT_VERSION = 1;
				DEVELOPMENT_TEAM = 93H5743QJF;
				GENERATE_INFOPLIST_FILE = YES;
				INFOPLIST_FILE = WillChenFriendsDemo/Info.plist;
				INFOPLIST_KEY_UIApplicationSupportsIndirectInputEvents = YES;
				INFOPLIST_KEY_UILaunchStoryboardName = LaunchScreen;
				INFOPLIST_KEY_UISupportedInterfaceOrientations_iPad = "UIInterfaceOrientationPortrait UIInterfaceOrientationPortraitUpsideDown UIInterfaceOrientationLandscapeLeft UIInterfaceOrientationLandscapeRight";
				INFOPLIST_KEY_UISupportedInterfaceOrientations_iPhone = "UIInterfaceOrientationPortrait UIInterfaceOrientationLandscapeLeft UIInterfaceOrientationLandscapeRight";
				LD_RUNPATH_SEARCH_PATHS = (
					"$(inherited)",
					"@executable_path/Frameworks",
				);
				MARKETING_VERSION = 1.0;
				PRODUCT_BUNDLE_IDENTIFIER = yuanwil.WillChenFriendsDemo;
				PRODUCT_NAME = "$(TARGET_NAME)";
				SWIFT_EMIT_LOC_STRINGS = YES;
				SWIFT_VERSION = 5.0;
				TARGETED_DEVICE_FAMILY = "1,2";
			};
			name = Debug;
		};
		A725A3852B56850800FB524E /* Release */ = {
			isa = XCBuildConfiguration;
			baseConfigurationReference = 8AFCA1B47C13665A7DA10F77 /* Pods-WillChenFriendsDemo.release.xcconfig */;
			buildSettings = {
				ASSETCATALOG_COMPILER_APPICON_NAME = AppIcon;
				ASSETCATALOG_COMPILER_GLOBAL_ACCENT_COLOR_NAME = AccentColor;
				CODE_SIGN_STYLE = Automatic;
				CURRENT_PROJECT_VERSION = 1;
				DEVELOPMENT_TEAM = 93H5743QJF;
				GENERATE_INFOPLIST_FILE = YES;
				INFOPLIST_FILE = WillChenFriendsDemo/Info.plist;
				INFOPLIST_KEY_UIApplicationSupportsIndirectInputEvents = YES;
				INFOPLIST_KEY_UILaunchStoryboardName = LaunchScreen;
				INFOPLIST_KEY_UISupportedInterfaceOrientations_iPad = "UIInterfaceOrientationPortrait UIInterfaceOrientationPortraitUpsideDown UIInterfaceOrientationLandscapeLeft UIInterfaceOrientationLandscapeRight";
				INFOPLIST_KEY_UISupportedInterfaceOrientations_iPhone = "UIInterfaceOrientationPortrait UIInterfaceOrientationLandscapeLeft UIInterfaceOrientationLandscapeRight";
				LD_RUNPATH_SEARCH_PATHS = (
					"$(inherited)",
					"@executable_path/Frameworks",
				);
				MARKETING_VERSION = 1.0;
				PRODUCT_BUNDLE_IDENTIFIER = yuanwil.WillChenFriendsDemo;
				PRODUCT_NAME = "$(TARGET_NAME)";
				SWIFT_EMIT_LOC_STRINGS = YES;
				SWIFT_VERSION = 5.0;
				TARGETED_DEVICE_FAMILY = "1,2";
			};
			name = Release;
		};
		A75218232B639F7F0082CB2D /* Debug */ = {
			isa = XCBuildConfiguration;
			baseConfigurationReference = F19358E4E64E950D1536625E /* Pods-WillChenFriendsDemoTests.debug.xcconfig */;
			buildSettings = {
				BUNDLE_LOADER = "$(TEST_HOST)";
				CODE_SIGN_STYLE = Automatic;
				CURRENT_PROJECT_VERSION = 1;
				DEVELOPMENT_TEAM = 93H5743QJF;
				GENERATE_INFOPLIST_FILE = YES;
				MARKETING_VERSION = 1.0;
				PRODUCT_BUNDLE_IDENTIFIER = yuanwil.WillChenFriendsDemoTests;
				PRODUCT_NAME = "$(TARGET_NAME)";
				SWIFT_EMIT_LOC_STRINGS = NO;
				SWIFT_VERSION = 5.0;
				TARGETED_DEVICE_FAMILY = "1,2";
				TEST_HOST = "$(BUILT_PRODUCTS_DIR)/WillChenFriendsDemo.app/$(BUNDLE_EXECUTABLE_FOLDER_PATH)/WillChenFriendsDemo";
			};
			name = Debug;
		};
		A75218242B639F7F0082CB2D /* Release */ = {
			isa = XCBuildConfiguration;
			baseConfigurationReference = 04FEE6151FA69C8AB3E24686 /* Pods-WillChenFriendsDemoTests.release.xcconfig */;
			buildSettings = {
				BUNDLE_LOADER = "$(TEST_HOST)";
				CODE_SIGN_STYLE = Automatic;
				CURRENT_PROJECT_VERSION = 1;
				DEVELOPMENT_TEAM = 93H5743QJF;
				GENERATE_INFOPLIST_FILE = YES;
				MARKETING_VERSION = 1.0;
				PRODUCT_BUNDLE_IDENTIFIER = yuanwil.WillChenFriendsDemoTests;
				PRODUCT_NAME = "$(TARGET_NAME)";
				SWIFT_EMIT_LOC_STRINGS = NO;
				SWIFT_VERSION = 5.0;
				TARGETED_DEVICE_FAMILY = "1,2";
				TEST_HOST = "$(BUILT_PRODUCTS_DIR)/WillChenFriendsDemo.app/$(BUNDLE_EXECUTABLE_FOLDER_PATH)/WillChenFriendsDemo";
			};
			name = Release;
		};
/* End XCBuildConfiguration section */

/* Begin XCConfigurationList section */
		A725A36A2B56850700FB524E /* Build configuration list for PBXProject "WillChenFriendsDemo" */ = {
			isa = XCConfigurationList;
			buildConfigurations = (
				A725A3812B56850800FB524E /* Debug */,
				A725A3822B56850800FB524E /* Release */,
			);
			defaultConfigurationIsVisible = 0;
			defaultConfigurationName = Release;
		};
		A725A3832B56850800FB524E /* Build configuration list for PBXNativeTarget "WillChenFriendsDemo" */ = {
			isa = XCConfigurationList;
			buildConfigurations = (
				A725A3842B56850800FB524E /* Debug */,
				A725A3852B56850800FB524E /* Release */,
			);
			defaultConfigurationIsVisible = 0;
			defaultConfigurationName = Release;
		};
		A75218252B639F7F0082CB2D /* Build configuration list for PBXNativeTarget "WillChenFriendsDemoTests" */ = {
			isa = XCConfigurationList;
			buildConfigurations = (
				A75218232B639F7F0082CB2D /* Debug */,
				A75218242B639F7F0082CB2D /* Release */,
			);
			defaultConfigurationIsVisible = 0;
			defaultConfigurationName = Release;
		};
/* End XCConfigurationList section */
	};
	rootObject = A725A3672B56850700FB524E /* Project object */;
}
